
Microsoft Visual Studio Solution File, Format Version 12.00
# Visual Studio Version 17
VisualStudioVersion = 17.8.34525.116
MinimumVisualStudioVersion = 10.0.40219.1
Project("{FAE04EC0-301F-11D3-BF4B-00C04F79EFBC}") = "Soundpad", "streamdeck-soundpad\Soundpad.csproj", "{2E67D4C8-86D9-4F0C-A078-5B3BB3B6DA91}"
EndProject
Project("{9A19103F-16F7-4668-BE54-9A1E7A4F7556}") = "SoundpadConnector", "..\soundpad-connector-bar\src\SoundpadConnector\SoundpadConnector.csproj", "{481EDF58-3949-4D89-AC22-DC072A6A84AA}"
EndProject
Global
	GlobalSection(SolutionConfigurationPlatforms) = preSolution
		Debug|Any CPU = Debug|Any CPU
		Debug|x64 = Debug|x64
		Release|Any CPU = Release|Any CPU
		Release|x64 = Release|x64
	EndGlobalSection
	GlobalSection(ProjectConfigurationPlatforms) = postSolution
		{2E67D4C8-86D9-4F0C-A078-5B3BB3B6DA91}.Debug|Any CPU.ActiveCfg = Debug|Any CPU
		{2E67D4C8-86D9-4F0C-A078-5B3BB3B6DA91}.Debug|Any CPU.Build.0 = Debug|Any CPU
		{2E67D4C8-86D9-4F0C-A078-5B3BB3B6DA91}.Debug|x64.ActiveCfg = Debug|x64
		{2E67D4C8-86D9-4F0C-A078-5B3BB3B6DA91}.Debug|x64.Build.0 = Debug|x64
		{2E67D4C8-86D9-4F0C-A078-5B3BB3B6DA91}.Release|Any CPU.ActiveCfg = Release|Any CPU
		{2E67D4C8-86D9-4F0C-A078-5B3BB3B6DA91}.Release|Any CPU.Build.0 = Release|Any CPU
		{2E67D4C8-86D9-4F0C-A078-5B3BB3B6DA91}.Release|x64.ActiveCfg = Release|x64
		{2E67D4C8-86D9-4F0C-A078-5B3BB3B6DA91}.Release|x64.Build.0 = Release|x64
		{481EDF58-3949-4D89-AC22-DC072A6A84AA}.Debug|Any CPU.ActiveCfg = Debug|Any CPU
		{481EDF58-3949-4D89-AC22-DC072A6A84AA}.Debug|Any CPU.Build.0 = Debug|Any CPU
		{481EDF58-3949-4D89-AC22-DC072A6A84AA}.Debug|x64.ActiveCfg = Debug|x64
		{481EDF58-3949-4D89-AC22-DC072A6A84AA}.Debug|x64.Build.0 = Debug|x64
		{481EDF58-3949-4D89-AC22-DC072A6A84AA}.Release|Any CPU.ActiveCfg = Release|Any CPU
		{481EDF58-3949-4D89-AC22-DC072A6A84AA}.Release|Any CPU.Build.0 = Release|Any CPU
		{481EDF58-3949-4D89-AC22-DC072A6A84AA}.Release|x64.ActiveCfg = Release|x64
		{481EDF58-3949-4D89-AC22-DC072A6A84AA}.Release|x64.Build.0 = Release|x64
	EndGlobalSection
	GlobalSection(SolutionProperties) = preSolution
		HideSolutionNode = FALSE
	EndGlobalSection
	GlobalSection(ExtensibilityGlobals) = postSolution
		SolutionGuid = {A981CEDE-BF2D-4B34-AD7E-ACB06F553B2F}
	EndGlobalSection
EndGlobal
